
Microsoft Visual Studio Solution File, Format Version 12.00
# Visual Studio Version 17
VisualStudioVersion = 17.2.32616.157
MinimumVisualStudioVersion = 10.0.40219.1
Project("{FAE04EC0-301F-11D3-BF4B-00C04F79EFBC}") = "TestWeb", "TestWeb\TestWeb.csproj", "{7C7AC541-55B7-4DA0-8874-1435F4508E7C}"
EndProject
Project("{FAE04EC0-301F-11D3-BF4B-00C04F79EFBC}") = "Test.DataModels", "Test.DataModels\Test.DataModels.csproj", "{AC0B58E7-7F4B-4C82-BA9E-E25AA6D8E3A4}"
EndProject
Project("{FAE04EC0-301F-11D3-BF4B-00C04F79EFBC}") = "Test.Repo", "Test.Repo\Test.Repo.csproj", "{10F5618D-FF37-4A49-8CD3-71145928F4FD}"
EndProject
Project("{FAE04EC0-301F-11D3-BF4B-00C04F79EFBC}") = "Test.ViewModels", "Test.ViewModels\Test.ViewModels.csproj", "{6FD56B36-5A0D-4915-B29E-BE80AB4A11BB}"
EndProject
Global
	GlobalSection(SolutionConfigurationPlatforms) = preSolution
		Debug|Any CPU = Debug|Any CPU
		Release|Any CPU = Release|Any CPU
	EndGlobalSection
	GlobalSection(ProjectConfigurationPlatforms) = postSolution
		{7C7AC541-55B7-4DA0-8874-1435F4508E7C}.Debug|Any CPU.ActiveCfg = Debug|Any CPU
		{7C7AC541-55B7-4DA0-8874-1435F4508E7C}.Debug|Any CPU.Build.0 = Debug|Any CPU
		{7C7AC541-55B7-4DA0-8874-1435F4508E7C}.Release|Any CPU.ActiveCfg = Release|Any CPU
		{7C7AC541-55B7-4DA0-8874-1435F4508E7C}.Release|Any CPU.Build.0 = Release|Any CPU
		{AC0B58E7-7F4B-4C82-BA9E-E25AA6D8E3A4}.Debug|Any CPU.ActiveCfg = Debug|Any CPU
		{AC0B58E7-7F4B-4C82-BA9E-E25AA6D8E3A4}.Debug|Any CPU.Build.0 = Debug|Any CPU
		{AC0B58E7-7F4B-4C82-BA9E-E25AA6D8E3A4}.Release|Any CPU.ActiveCfg = Release|Any CPU
		{AC0B58E7-7F4B-4C82-BA9E-E25AA6D8E3A4}.Release|Any CPU.Build.0 = Release|Any CPU
		{10F5618D-FF37-4A49-8CD3-71145928F4FD}.Debug|Any CPU.ActiveCfg = Debug|Any CPU
		{10F5618D-FF37-4A49-8CD3-71145928F4FD}.Debug|Any CPU.Build.0 = Debug|Any CPU
		{10F5618D-FF37-4A49-8CD3-71145928F4FD}.Release|Any CPU.ActiveCfg = Release|Any CPU
		{10F5618D-FF37-4A49-8CD3-71145928F4FD}.Release|Any CPU.Build.0 = Release|Any CPU
		{6FD56B36-5A0D-4915-B29E-BE80AB4A11BB}.Debug|Any CPU.ActiveCfg = Debug|Any CPU
		{6FD56B36-5A0D-4915-B29E-BE80AB4A11BB}.Debug|Any CPU.Build.0 = Debug|Any CPU
		{6FD56B36-5A0D-4915-B29E-BE80AB4A11BB}.Release|Any CPU.ActiveCfg = Release|Any CPU
		{6FD56B36-5A0D-4915-B29E-BE80AB4A11BB}.Release|Any CPU.Build.0 = Release|Any CPU
	EndGlobalSection
	GlobalSection(SolutionProperties) = preSolution
		HideSolutionNode = FALSE
	EndGlobalSection
	GlobalSection(ExtensibilityGlobals) = postSolution
		SolutionGuid = {1D977D4C-AAB7-462D-973C-418F383DF77D}
	EndGlobalSection
EndGlobal
